# This file is automatically @generated by Cargo.
# It is not intended for manual editing.
version = 3

[[package]]
name = "aho-corasick"
version = "0.5.3"
source = "registry+https://github.com/rust-lang/crates.io-index"
checksum = "ca972c2ea5f742bfce5687b9aef75506a764f61d37f8f649047846a9686ddb66"
dependencies = [
 "memchr 0.1.11",
]

[[package]]
name = "aho-corasick"
version = "0.6.2"
source = "registry+https://github.com/rust-lang/crates.io-index"
checksum = "0638fd549427caa90c499814196d1b9e3725eb4d15d7339d6de073a680ed0ca2"
dependencies = [
 "memchr 1.0.1",
]

[[package]]
name = "ansi_term"
version = "0.9.0"
source = "registry+https://github.com/rust-lang/crates.io-index"
checksum = "23ac7c30002a5accbf7e8987d0632fa6de155b7c3d39d0067317a391e00a2ef6"

[[package]]
name = "bitflags"
version = "0.7.0"
source = "registry+https://github.com/rust-lang/crates.io-index"
checksum = "aad18937a628ec6abcd26d1489012cc0e18c21798210f491af69ded9b881106d"

[[package]]
name = "cfg-if"
version = "0.1.0"
source = "registry+https://github.com/rust-lang/crates.io-index"
checksum = "de1e760d7b6535af4241fca8bd8adf68e2e7edacc6b29f5d399050c5e48cf88c"

[[package]]
name = "chrono"
version = "0.3.0"
source = "registry+https://github.com/rust-lang/crates.io-index"
checksum = "158b0bd7d75cbb6bf9c25967a48a2e9f77da95876b858eadfabaa99cd069de6e"
dependencies = [
 "num",
 "time",
]

[[package]]
name = "clap"
version = "2.20.3"
source = "registry+https://github.com/rust-lang/crates.io-index"
checksum = "f89819450aa94325998aa83ce7ea142db11ad24c725d6bc48459845e0d6d9f18"
dependencies = [
 "ansi_term",
 "bitflags",
 "libc",
 "strsim",
 "term_size",
 "unicode-segmentation",
 "unicode-width",
 "vec_map",
]

[[package]]
name = "curl"
version = "0.4.5"
source = "registry+https://github.com/rust-lang/crates.io-index"
checksum = "654c5b772f9e62a46a99cc9ee7442e80a139027889a6305cdd59bc1e5eb3e3e8"
dependencies = [
 "curl-sys",
 "libc",
 "openssl-probe",
 "openssl-sys",
 "winapi 0.2.8",
]

[[package]]
name = "curl-sys"
version = "0.3.8"
source = "registry+https://github.com/rust-lang/crates.io-index"
checksum = "a89415561199ca2ac6de2519674739159c1583bc0a9b46ec30fd3814999d5ef5"
dependencies = [
 "gcc",
 "libc",
 "libz-sys",
 "openssl-sys",
 "pkg-config",
 "winapi 0.2.8",
]

[[package]]
name = "env_logger"
version = "0.3.5"
source = "registry+https://github.com/rust-lang/crates.io-index"
checksum = "15abd780e45b3ea4f76b4e9a26ff4843258dd8a3eed2775a0e7368c2e7936c2f"
dependencies = [
 "log",
 "regex 0.1.80",
]

[[package]]
name = "env_logger"
version = "0.4.0"
source = "registry+https://github.com/rust-lang/crates.io-index"
checksum = "99971fb1b635fe7a0ee3c4d065845bb93cca80a23b5613b5613391ece5de4144"
dependencies = [
 "log",
 "regex 0.2.1",
]

[[package]]
name = "error-chain"
version = "0.7.2"
source = "registry+https://github.com/rust-lang/crates.io-index"
checksum = "318cb3c71ee4cdea69fdc9e15c173b245ed6063e1709029e8fd32525a881120f"

[[package]]
name = "futures"
version = "0.1.10"
source = "registry+https://github.com/rust-lang/crates.io-index"
checksum = "c1913eb7083840b1bbcbf9631b7fda55eaf35fe7ead13cca034e8946f9e2bc41"
dependencies = [
 "log",
]

[[package]]
name = "gcc"
version = "0.3.43"
source = "registry+https://github.com/rust-lang/crates.io-index"
checksum = "c07c758b972368e703a562686adb39125707cc1ef3399da8c019fc6c2498a75d"

[[package]]
name = "gdi32-sys"
version = "0.2.0"
source = "registry+https://github.com/rust-lang/crates.io-index"
checksum = "0912515a8ff24ba900422ecda800b52f4016a56251922d397c576bf92c690518"
dependencies = [
 "winapi 0.2.8",
 "winapi-build",
]

[[package]]
name = "histogram"
version = "0.6.4"
source = "registry+https://github.com/rust-lang/crates.io-index"
checksum = "8b336517dec01c1424711830db4f752ace81ee0459ef37caf9b821932b2f2e59"

[[package]]
name = "kernel32-sys"
version = "0.2.2"
source = "registry+https://github.com/rust-lang/crates.io-index"
checksum = "7507624b29483431c0ba2d82aece8ca6cdba9382bff4ddd0f7490560c056098d"
dependencies = [
 "winapi 0.2.8",
 "winapi-build",
]

[[package]]
name = "lazycell"
version = "0.4.0"
source = "registry+https://github.com/rust-lang/crates.io-index"
checksum = "ce12306c4739d86ee97c23139f3a34ddf0387bbf181bc7929d287025a8c3ef6b"

[[package]]
name = "libc"
version = "0.2.126"
source = "registry+https://github.com/rust-lang/crates.io-index"
checksum = "349d5a591cd28b49e1d1037471617a32ddcda5731b99419008085f72d5a53836"

[[package]]
name = "libz-sys"
version = "1.0.12"
source = "registry+https://github.com/rust-lang/crates.io-index"
checksum = "7616099a575493da60cddc1174b686fcfb00ece89dc6f61f31ff47c35f07bbe8"
dependencies = [
 "gcc",
 "libc",
 "pkg-config",
]

[[package]]
name = "log"
version = "0.3.6"
source = "registry+https://github.com/rust-lang/crates.io-index"
checksum = "ab83497bf8bf4ed2a74259c1c802351fcd67a65baa86394b6ba73c36f4838054"

[[package]]
name = "memchr"
version = "0.1.11"
source = "registry+https://github.com/rust-lang/crates.io-index"
checksum = "d8b629fb514376c675b98c1421e80b151d3817ac42d7c667717d282761418d20"
dependencies = [
 "libc",
]

[[package]]
name = "memchr"
version = "1.0.1"
source = "registry+https://github.com/rust-lang/crates.io-index"
checksum = "1dbccc0e46f1ea47b9f17e6d67c5a96bd27030519c519c9c91327e31275a47b4"
dependencies = [
 "libc",
]

[[package]]
name = "metadeps"
version = "1.1.1"
source = "registry+https://github.com/rust-lang/crates.io-index"
checksum = "829fffe7ea1d747e23f64be972991bc516b2f1ac2ae4a3b33d8bea150c410151"
dependencies = [
 "error-chain",
 "pkg-config",
 "toml",
]

[[package]]
name = "mio"
version = "0.6.4"
source = "registry+https://github.com/rust-lang/crates.io-index"
checksum = "eecdbdd49a849336e77b453f021c89972a2cfb5b51931a0026ae0ac4602de681"
dependencies = [
 "kernel32-sys",
 "lazycell",
 "libc",
 "log",
 "miow",
 "net2",
 "slab",
 "winapi 0.2.8",
]

[[package]]
name = "miow"
version = "0.2.0"
source = "registry+https://github.com/rust-lang/crates.io-index"
checksum = "3a78d2605eb97302c10cf944b8d96b0a2a890c52957caf92fcd1f24f69049579"
dependencies = [
 "kernel32-sys",
 "net2",
 "winapi 0.2.8",
 "ws2_32-sys",
]

[[package]]
name = "net2"
version = "0.2.37"
source = "registry+https://github.com/rust-lang/crates.io-index"
checksum = "391630d12b68002ae1e25e8f974306474966550ad82dac6886fb8910c19568ae"
dependencies = [
 "cfg-if",
 "libc",
 "winapi 0.3.9",
]

[[package]]
name = "num"
version = "0.1.36"
source = "registry+https://github.com/rust-lang/crates.io-index"
checksum = "bde7c03b09e7c6a301ee81f6ddf66d7a28ec305699e3d3b056d2fc56470e3120"
dependencies = [
 "num-integer",
 "num-iter",
 "num-traits",
]

[[package]]
name = "num-integer"
version = "0.1.32"
source = "registry+https://github.com/rust-lang/crates.io-index"
checksum = "fb24d9bfb3f222010df27995441ded1e954f8f69cd35021f6bef02ca9552fb92"
dependencies = [
 "num-traits",
]

[[package]]
name = "num-iter"
version = "0.1.32"
source = "registry+https://github.com/rust-lang/crates.io-index"
checksum = "287a1c9969a847055e1122ec0ea7a5c5d6f72aad97934e131c83d5c08ab4e45c"
dependencies = [
 "num-integer",
 "num-traits",
]

[[package]]
name = "num-traits"
version = "0.1.36"
source = "registry+https://github.com/rust-lang/crates.io-index"
checksum = "a16a42856a256b39c6d3484f097f6713e14feacd9bfb02290917904fae46c81c"

[[package]]
name = "num_cpus"
version = "1.2.1"
source = "registry+https://github.com/rust-lang/crates.io-index"
checksum = "a225d1e2717567599c24f88e49f00856c6e825a12125181ee42c4257e3688d39"
dependencies = [
 "libc",
]

[[package]]
name = "openssl-probe"
version = "0.1.0"
source = "registry+https://github.com/rust-lang/crates.io-index"
checksum = "756d49c8424483a3df3b5d735112b4da22109ced9a8294f1f5cdf80fb3810919"

[[package]]
name = "openssl-sys"
version = "0.9.6"
source = "registry+https://github.com/rust-lang/crates.io-index"
checksum = "b1482f9a06f56c906007e17ea14d73d102210b5d27bc948bf5e175f493f3f7c3"
dependencies = [
 "gdi32-sys",
 "libc",
 "metadeps",
 "user32-sys",
]

[[package]]
name = "pkg-config"
version = "0.3.9"
source = "registry+https://github.com/rust-lang/crates.io-index"
checksum = "3a8b4c6b8165cd1a1cd4b9b120978131389f64bdaf456435caa41e630edba903"

[[package]]
name = "quickcheck"
version = "0.4.1"
source = "registry+https://github.com/rust-lang/crates.io-index"
checksum = "02c2411d418cea2364325b18a205664f9ef8252e06b2e911db97c0b0d98b1406"
dependencies = [
 "env_logger 0.3.5",
 "log",
 "rand",
]

[[package]]
name = "rand"
version = "0.3.15"
source = "registry+https://github.com/rust-lang/crates.io-index"
checksum = "022e0636ec2519ddae48154b028864bdce4eaf7d35226ab8e65c611be97b189d"
dependencies = [
 "libc",
]

[[package]]
name = "redox_syscall"
version = "0.1.16"
source = "registry+https://github.com/rust-lang/crates.io-index"
checksum = "8dd35cc9a8bdec562c757e3d43c1526b5c6d2653e23e2315065bc25556550753"

[[package]]
name = "regex"
version = "0.1.80"
source = "registry+https://github.com/rust-lang/crates.io-index"
checksum = "4fd4ace6a8cf7860714a2c2280d6c1f7e6a413486c13298bbc86fd3da019402f"
dependencies = [
 "aho-corasick 0.5.3",
 "memchr 0.1.11",
 "regex-syntax 0.3.9",
 "thread_local 0.2.7",
 "utf8-ranges 0.1.3",
]

[[package]]
name = "regex"
version = "0.2.1"
source = "registry+https://github.com/rust-lang/crates.io-index"
checksum = "4278c17d0f6d62dfef0ab00028feb45bd7d2102843f80763474eeb1be8a10c01"
dependencies = [
 "aho-corasick 0.6.2",
 "memchr 1.0.1",
 "regex-syntax 0.4.0",
 "thread_local 0.3.2",
 "utf8-ranges 1.0.0",
]

[[package]]
name = "regex-syntax"
version = "0.3.9"
source = "registry+https://github.com/rust-lang/crates.io-index"
checksum = "f9ec002c35e86791825ed294b50008eea9ddfc8def4420124fbc6b08db834957"

[[package]]
name = "regex-syntax"
version = "0.4.0"
source = "registry+https://github.com/rust-lang/crates.io-index"
checksum = "2f9191b1f57603095f105d317e375d19b1c9c5c3185ea9633a99a6dcbed04457"

[[package]]
name = "scoped-tls"
version = "0.1.0"
source = "registry+https://github.com/rust-lang/crates.io-index"
checksum = "f417c22df063e9450888a7561788e9bd46d3bb3c1466435b4eccb903807f147d"

[[package]]
name = "slab"
version = "0.3.0"
source = "registry+https://github.com/rust-lang/crates.io-index"
checksum = "17b4fcaed89ab08ef143da37bc52adbcc04d4a69014f4c1208d6b51f0c47bc23"

[[package]]
name = "spwn"
version = "0.1.0"
dependencies = [
 "chrono",
 "clap",
 "curl",
 "env_logger 0.4.0",
 "futures",
 "histogram",
 "num_cpus",
 "quickcheck",
 "tokio-core",
 "tokio-curl",
]

[[package]]
name = "strsim"
version = "0.6.0"
source = "registry+https://github.com/rust-lang/crates.io-index"
checksum = "b4d15c810519a91cf877e7e36e63fe068815c678181439f2f29e2562147c3694"

[[package]]
name = "term_size"
version = "0.2.2"
source = "registry+https://github.com/rust-lang/crates.io-index"
checksum = "71662702fe5cd2cf95edd4ad655eea42f24a87a0e44059cbaa4e55260b7bc331"
dependencies = [
 "kernel32-sys",
 "libc",
 "winapi 0.2.8",
]

[[package]]
name = "thread-id"
version = "2.0.0"
source = "registry+https://github.com/rust-lang/crates.io-index"
checksum = "a9539db560102d1cef46b8b78ce737ff0bb64e7e18d35b2a5688f7d097d0ff03"
dependencies = [
 "kernel32-sys",
 "libc",
]

[[package]]
name = "thread-id"
version = "3.0.0"
source = "registry+https://github.com/rust-lang/crates.io-index"
checksum = "4437c97558c70d129e40629a5b385b3fb1ffac301e63941335e4d354081ec14a"
dependencies = [
 "kernel32-sys",
 "libc",
]

[[package]]
name = "thread_local"
version = "0.2.7"
source = "registry+https://github.com/rust-lang/crates.io-index"
checksum = "8576dbbfcaef9641452d5cf0df9b0e7eeab7694956dd33bb61515fb8f18cfdd5"
dependencies = [
 "thread-id 2.0.0",
]

[[package]]
name = "thread_local"
version = "0.3.2"
source = "registry+https://github.com/rust-lang/crates.io-index"
checksum = "7793b722f0f77ce716e7f1acf416359ca32ff24d04ffbac4269f44a4a83be05d"
dependencies = [
 "thread-id 3.0.0",
 "unreachable",
]

[[package]]
name = "time"
version = "0.1.36"
source = "registry+https://github.com/rust-lang/crates.io-index"
checksum = "211b63c112206356ef1ff9b19355f43740fc3f85960c598a93d3a3d3ba7beade"
dependencies = [
 "kernel32-sys",
 "libc",
 "redox_syscall",
 "winapi 0.2.8",
]

[[package]]
name = "tokio-core"
version = "0.1.4"
source = "registry+https://github.com/rust-lang/crates.io-index"
checksum = "3d1be481b55126f02ef88ff86748086473cb537a949fc4a8f4be403a530ae54b"
dependencies = [
 "futures",
 "log",
 "mio",
 "scoped-tls",
 "slab",
]

[[package]]
name = "tokio-curl"
version = "0.1.9"
source = "registry+https://github.com/rust-lang/crates.io-index"
checksum = "abc816085f1fe81e04960a50e53a49ac9d2f5b0263c3e52430ad98f77f725f2a"
dependencies = [
 "curl",
 "futures",
 "libc",
 "log",
 "mio",
 "scoped-tls",
 "slab",
 "tokio-core",
 "winapi 0.2.8",
 "ws2_32-sys",
]

[[package]]
name = "toml"
version = "0.2.1"
source = "registry+https://github.com/rust-lang/crates.io-index"
checksum = "736b60249cb25337bc196faa43ee12c705e426f3d55c214d73a4e7be06f92cb4"

[[package]]
name = "unicode-segmentation"
version = "1.1.0"
source = "registry+https://github.com/rust-lang/crates.io-index"
checksum = "18127285758f0e2c6cf325bb3f3d138a12fee27de4f23e146cd6a179f26c2cf3"

[[package]]
name = "unicode-width"
version = "0.1.4"
source = "registry+https://github.com/rust-lang/crates.io-index"
checksum = "bf3a113775714a22dcb774d8ea3655c53a32debae63a063acc00a91cc586245f"

[[package]]
name = "unreachable"
version = "0.1.1"
source = "registry+https://github.com/rust-lang/crates.io-index"
checksum = "1f2ae5ddb18e1c92664717616dd9549dde73f539f01bd7b77c2edb2446bdff91"
dependencies = [
 "void",
]

[[package]]
name = "user32-sys"
version = "0.2.0"
source = "registry+https://github.com/rust-lang/crates.io-index"
checksum = "4ef4711d107b21b410a3a974b1204d9accc8b10dad75d8324b5d755de1617d47"
dependencies = [
 "winapi 0.2.8",
 "winapi-build",
]

[[package]]
name = "utf8-ranges"
version = "0.1.3"
source = "registry+https://github.com/rust-lang/crates.io-index"
checksum = "a1ca13c08c41c9c3e04224ed9ff80461d97e121589ff27c753a16cb10830ae0f"

[[package]]
name = "utf8-ranges"
version = "1.0.0"
source = "registry+https://github.com/rust-lang/crates.io-index"
checksum = "662fab6525a98beff2921d7f61a39e7d59e0b425ebc7d0d9e66d316e55124122"

[[package]]
name = "vec_map"
version = "0.6.0"
source = "registry+https://github.com/rust-lang/crates.io-index"
checksum = "cac5efe5cb0fa14ec2f84f83c701c562ee63f6dcc680861b21d65c682adfb05f"

[[package]]
name = "void"
version = "1.0.2"
source = "registry+https://github.com/rust-lang/crates.io-index"
checksum = "6a02e4885ed3bc0f2de90ea6dd45ebcbb66dacffe03547fadbb0eeae2770887d"

[[package]]
name = "winapi"
version = "0.2.8"
source = "registry+https://github.com/rust-lang/crates.io-index"
checksum = "167dc9d6949a9b857f3451275e911c3f44255842c1f7a76f33c55103a909087a"

[[package]]
name = "winapi"
version = "0.3.9"
source = "registry+https://github.com/rust-lang/crates.io-index"
checksum = "5c839a674fcd7a98952e593242ea400abe93992746761e38641405d28b00f419"
dependencies = [
 "winapi-i686-pc-windows-gnu",
 "winapi-x86_64-pc-windows-gnu",
]

[[package]]
name = "winapi-build"
version = "0.1.1"
source = "registry+https://github.com/rust-lang/crates.io-index"
checksum = "2d315eee3b34aca4797b2da6b13ed88266e6d612562a0c46390af8299fc699bc"

[[package]]
name = "winapi-i686-pc-windows-gnu"
version = "0.4.0"
source = "registry+https://github.com/rust-lang/crates.io-index"
checksum = "ac3b87c63620426dd9b991e5ce0329eff545bccbbb34f3be09ff6fb6ab51b7b6"

[[package]]
name = "winapi-x86_64-pc-windows-gnu"
version = "0.4.0"
source = "registry+https://github.com/rust-lang/crates.io-index"
checksum = "712e227841d057c1ee1cd2fb22fa7e5a5461ae8e48fa2ca79ec42cfc1931183f"

[[package]]
name = "ws2_32-sys"
version = "0.2.1"
source = "registry+https://github.com/rust-lang/crates.io-index"
checksum = "d59cefebd0c892fa2dd6de581e937301d8552cb44489cdff035c6187cb63fa5e"
dependencies = [
 "winapi 0.2.8",
 "winapi-build",
]
